{
  "name": "wechatcompetition2022",
  "version": "1.0.0",
  "lockfileVersion": 2,
  "requires": true,
  "packages": {
    "": {
      "name": "wechatcompetition2022",
      "version": "1.0.0",
      "license": "ISC",
      "dependencies": {
        "weapp": "^0.0.0"
      },
      "devDependencies": {}
    },
    "node_modules/weapp": {
      "version": "0.0.0",
      "resolved": "https://registry.npmmirror.com/weapp/-/weapp-0.0.0.tgz",
      "integrity": "sha512-l4XNREH30ZlqZK2CqWV75/LQsEQ14pNL8dqvIRg74cUpK+KGS/4XaaBppE5y2A5ZP8i/hX9mpUWg94hqTf+7aA=="
    }
  },
  "dependencies": {
    "weapp": {
      "version": "0.0.0",
      "resolved": "https://registry.npmmirror.com/weapp/-/weapp-0.0.0.tgz",
      "integrity": "sha512-l4XNREH30ZlqZK2CqWV75/LQsEQ14pNL8dqvIRg74cUpK+KGS/4XaaBppE5y2A5ZP8i/hX9mpUWg94hqTf+7aA=="
    }
  }
}
